// !$*UTF8*$!
{
	archiveVersion = 1;
	classes = {
	};
	objectVersion = 55;
	objects = {

/* Begin PBXBuildFile section */
		0C2245E827F079080024D475 /* JobCatgory.xib in Resources */ = {isa = PBXBuildFile; fileRef = 0C2245E427F079080024D475 /* JobCatgory.xib */; };
		0C2245E927F079080024D475 /* JobExpertise.swift in Sources */ = {isa = PBXBuildFile; fileRef = 0C2245E527F079080024D475 /* JobExpertise.swift */; };
		0C2245EA27F079080024D475 /* JobCatgory.swift in Sources */ = {isa = PBXBuildFile; fileRef = 0C2245E627F079080024D475 /* JobCatgory.swift */; };
		0C2245EB27F079080024D475 /* JobExpertise.xib in Resources */ = {isa = PBXBuildFile; fileRef = 0C2245E727F079080024D475 /* JobExpertise.xib */; };
		946866A127F0735B005DDE17 /* AppDelegate.swift in Sources */ = {isa = PBXBuildFile; fileRef = 946866A027F0735B005DDE17 /* AppDelegate.swift */; };
		946866AA27F0735C005DDE17 /* Assets.xcassets in Resources */ = {isa = PBXBuildFile; fileRef = 946866A927F0735C005DDE17 /* Assets.xcassets */; };
		946866AD27F0735C005DDE17 /* LaunchScreen.storyboard in Resources */ = {isa = PBXBuildFile; fileRef = 946866AB27F0735C005DDE17 /* LaunchScreen.storyboard */; };
		B7B0EB6B8A05129DB0E6FCD5 /* Pods_Clickjobs_New.framework in Frameworks */ = {isa = PBXBuildFile; fileRef = 92DE3BBA8F5AB0EF5ADC76B3 /* Pods_Clickjobs_New.framework */; };
/* End PBXBuildFile section */

/* Begin PBXFileReference section */
		0C2245E427F079080024D475 /* JobCatgory.xib */ = {isa = PBXFileReference; fileEncoding = 4; lastKnownFileType = file.xib; name = JobCatgory.xib; path = ../../../../Desktop/ClickJobs/ClickJobs/JobCatgory.xib; sourceTree = "<group>"; };
		0C2245E527F079080024D475 /* JobExpertise.swift */ = {isa = PBXFileReference; fileEncoding = 4; lastKnownFileType = sourcecode.swift; name = JobExpertise.swift; path = ../../../../Desktop/ClickJobs/ClickJobs/JobExpertise.swift; sourceTree = "<group>"; };
		0C2245E627F079080024D475 /* JobCatgory.swift */ = {isa = PBXFileReference; fileEncoding = 4; lastKnownFileType = sourcecode.swift; name = JobCatgory.swift; path = ../../../../Desktop/ClickJobs/ClickJobs/JobCatgory.swift; sourceTree = "<group>"; };
		0C2245E727F079080024D475 /* JobExpertise.xib */ = {isa = PBXFileReference; fileEncoding = 4; lastKnownFileType = file.xib; name = JobExpertise.xib; path = ../../../../Desktop/ClickJobs/ClickJobs/JobExpertise.xib; sourceTree = "<group>"; };
		92DE3BBA8F5AB0EF5ADC76B3 /* Pods_Clickjobs_New.framework */ = {isa = PBXFileReference; explicitFileType = wrapper.framework; includeInIndex = 0; path = Pods_Clickjobs_New.framework; sourceTree = BUILT_PRODUCTS_DIR; };
		9468669D27F0735B005DDE17 /* Clickjobs New.app */ = {isa = PBXFileReference; explicitFileType = wrapper.application; includeInIndex = 0; path = "Clickjobs New.app"; sourceTree = BUILT_PRODUCTS_DIR; };
		946866A027F0735B005DDE17 /* AppDelegate.swift */ = {isa = PBXFileReference; lastKnownFileType = sourcecode.swift; path = AppDelegate.swift; sourceTree = "<group>"; };
		946866A927F0735C005DDE17 /* Assets.xcassets */ = {isa = PBXFileReference; lastKnownFileType = folder.assetcatalog; path = Assets.xcassets; sourceTree = "<group>"; };
		946866AC27F0735C005DDE17 /* Base */ = {isa = PBXFileReference; lastKnownFileType = file.storyboard; name = Base; path = Base.lproj/LaunchScreen.storyboard; sourceTree = "<group>"; };
		946866AE27F0735C005DDE17 /* Info.plist */ = {isa = PBXFileReference; lastKnownFileType = text.plist.xml; path = Info.plist; sourceTree = "<group>"; };
		A57B50C32F07D162D2FBFAFE /* Pods-Clickjobs New.release.xcconfig */ = {isa = PBXFileReference; includeInIndex = 1; lastKnownFileType = text.xcconfig; name = "Pods-Clickjobs New.release.xcconfig"; path = "Target Support Files/Pods-Clickjobs New/Pods-Clickjobs New.release.xcconfig"; sourceTree = "<group>"; };
		A697295CF21E15089DCDE860 /* Pods-Clickjobs New.debug.xcconfig */ = {isa = PBXFileReference; includeInIndex = 1; lastKnownFileType = text.xcconfig; name = "Pods-Clickjobs New.debug.xcconfig"; path = "Target Support Files/Pods-Clickjobs New/Pods-Clickjobs New.debug.xcconfig"; sourceTree = "<group>"; };
/* End PBXFileReference section */

/* Begin PBXFrameworksBuildPhase section */
		9468669A27F0735B005DDE17 /* Frameworks */ = {
			isa = PBXFrameworksBuildPhase;
			buildActionMask = 2147483647;
			files = (
				B7B0EB6B8A05129DB0E6FCD5 /* Pods_Clickjobs_New.framework in Frameworks */,
			);
			runOnlyForDeploymentPostprocessing = 0;
		};
/* End PBXFrameworksBuildPhase section */

/* Begin PBXGroup section */
		0C2245E327F078C40024D475 /* Humoyun */ = {
			isa = PBXGroup;
			children = (
				0C2245E627F079080024D475 /* JobCatgory.swift */,
				0C2245E427F079080024D475 /* JobCatgory.xib */,
				0C2245E527F079080024D475 /* JobExpertise.swift */,
				0C2245E727F079080024D475 /* JobExpertise.xib */,
			);
			path = Humoyun;
			sourceTree = "<group>";
		};
		9468669427F0735A005DDE17 = {
			isa = PBXGroup;
			children = (
				9468669F27F0735B005DDE17 /* Clickjobs New */,
				9468669E27F0735B005DDE17 /* Products */,
				EC51668AE926B90D7FAB9601 /* Pods */,
				C9EADFEB8D854AC0CD645A1E /* Frameworks */,
			);
			sourceTree = "<group>";
		};
		9468669E27F0735B005DDE17 /* Products */ = {
			isa = PBXGroup;
			children = (
				9468669D27F0735B005DDE17 /* Clickjobs New.app */,
			);
			name = Products;
			sourceTree = "<group>";
		};
		9468669F27F0735B005DDE17 /* Clickjobs New */ = {
			isa = PBXGroup;
			children = (
				0C2245E327F078C40024D475 /* Humoyun */,
				946866BD27F075CE005DDE17 /* Ilhom */,
				946866BC27F075C6005DDE17 /* Sherzod */,
				946866BB27F075C0005DDE17 /* Bahodir */,
				946866BA27F075BA005DDE17 /* Shotilla */,
				946866B927F075B2005DDE17 /* Muslimbek */,
				946866B827F075A5005DDE17 /* Jahongir */,
				946866B627F07579005DDE17 /* Siroj */,
				946866B527F07570005DDE17 /* Mirmuhammad */,
				946866B427F0755E005DDE17 /* Mavlon */,
				946866A027F0735B005DDE17 /* AppDelegate.swift */,
				946866A927F0735C005DDE17 /* Assets.xcassets */,
				946866AB27F0735C005DDE17 /* LaunchScreen.storyboard */,
				946866AE27F0735C005DDE17 /* Info.plist */,
			);
			path = "Clickjobs New";
			sourceTree = "<group>";
		};
		946866B427F0755E005DDE17 /* Mavlon */ = {
			isa = PBXGroup;
			children = (
			);
			path = Mavlon;
			sourceTree = "<group>";
		};
		946866B527F07570005DDE17 /* Mirmuhammad */ = {
			isa = PBXGroup;
			children = (
			);
			path = Mirmuhammad;
			sourceTree = "<group>";
		};
		946866B627F07579005DDE17 /* Siroj */ = {
			isa = PBXGroup;
			children = (
			);
			path = Siroj;
			sourceTree = "<group>";
		};
		946866B827F075A5005DDE17 /* Jahongir */ = {
			isa = PBXGroup;
			children = (
			);
			path = Jahongir;
			sourceTree = "<group>";
		};
		946866B927F075B2005DDE17 /* Muslimbek */ = {
			isa = PBXGroup;
			children = (
			);
			path = Muslimbek;
			sourceTree = "<group>";
		};
		946866BA27F075BA005DDE17 /* Shotilla */ = {
			isa = PBXGroup;
			children = (
			);
			path = Shotilla;
			sourceTree = "<group>";
		};
		946866BB27F075C0005DDE17 /* Bahodir */ = {
			isa = PBXGroup;
			children = (
			);
			path = Bahodir;
			sourceTree = "<group>";
		};
		946866BC27F075C6005DDE17 /* Sherzod */ = {
			isa = PBXGroup;
			children = (
			);
			path = Sherzod;
			sourceTree = "<group>";
		};
		946866BD27F075CE005DDE17 /* Ilhom */ = {
			isa = PBXGroup;
			children = (
			);
			path = Ilhom;
			sourceTree = "<group>";
		};
		C9EADFEB8D854AC0CD645A1E /* Frameworks */ = {
			isa = PBXGroup;
			children = (
				92DE3BBA8F5AB0EF5ADC76B3 /* Pods_Clickjobs_New.framework */,
			);
			name = Frameworks;
			sourceTree = "<group>";
		};
		EC51668AE926B90D7FAB9601 /* Pods */ = {
			isa = PBXGroup;
			children = (
				A697295CF21E15089DCDE860 /* Pods-Clickjobs New.debug.xcconfig */,
				A57B50C32F07D162D2FBFAFE /* Pods-Clickjobs New.release.xcconfig */,
			);
			path = Pods;
			sourceTree = "<group>";
		};
/* End PBXGroup section */

/* Begin PBXNativeTarget section */
		9468669C27F0735B005DDE17 /* Clickjobs New */ = {
			isa = PBXNativeTarget;
			buildConfigurationList = 946866B127F0735C005DDE17 /* Build configuration list for PBXNativeTarget "Clickjobs New" */;
			buildPhases = (
				B51F1D6EC1FCD14F0B275EBC /* [CP] Check Pods Manifest.lock */,
				9468669927F0735B005DDE17 /* Sources */,
				9468669A27F0735B005DDE17 /* Frameworks */,
				9468669B27F0735B005DDE17 /* Resources */,
				40274EE6DB4643A66C269454 /* [CP] Embed Pods Frameworks */,
			);
			buildRules = (
			);
			dependencies = (
			);
			name = "Clickjobs New";
			productName = "Clickjobs New";
			productReference = 9468669D27F0735B005DDE17 /* Clickjobs New.app */;
			productType = "com.apple.product-type.application";
		};
/* End PBXNativeTarget section */

/* Begin PBXProject section */
		9468669527F0735A005DDE17 /* Project object */ = {
			isa = PBXProject;
			attributes = {
				BuildIndependentTargetsInParallel = 1;
				LastSwiftUpdateCheck = 1330;
				LastUpgradeCheck = 1330;
				TargetAttributes = {
					9468669C27F0735B005DDE17 = {
						CreatedOnToolsVersion = 13.3;
					};
				};
			};
			buildConfigurationList = 9468669827F0735A005DDE17 /* Build configuration list for PBXProject "Clickjobs New" */;
			compatibilityVersion = "Xcode 13.0";
			developmentRegion = en;
			hasScannedForEncodings = 0;
			knownRegions = (
				en,
				Base,
			);
			mainGroup = 9468669427F0735A005DDE17;
			productRefGroup = 9468669E27F0735B005DDE17 /* Products */;
			projectDirPath = "";
			projectRoot = "";
			targets = (
				9468669C27F0735B005DDE17 /* Clickjobs New */,
			);
		};
/* End PBXProject section */

/* Begin PBXResourcesBuildPhase section */
		9468669B27F0735B005DDE17 /* Resources */ = {
			isa = PBXResourcesBuildPhase;
			buildActionMask = 2147483647;
			files = (
				946866AD27F0735C005DDE17 /* LaunchScreen.storyboard in Resources */,
				0C2245EB27F079080024D475 /* JobExpertise.xib in Resources */,
				946866AA27F0735C005DDE17 /* Assets.xcassets in Resources */,
				0C2245E827F079080024D475 /* JobCatgory.xib in Resources */,
			);
			runOnlyForDeploymentPostprocessing = 0;
		};
/* End PBXResourcesBuildPhase section */

/* Begin PBXShellScriptBuildPhase section */
		40274EE6DB4643A66C269454 /* [CP] Embed Pods Frameworks */ = {
			isa = PBXShellScriptBuildPhase;
			buildActionMask = 2147483647;
			files = (
			);
			inputFileListPaths = (
				"${PODS_ROOT}/Target Support Files/Pods-Clickjobs New/Pods-Clickjobs New-frameworks-${CONFIGURATION}-input-files.xcfilelist",
			);
			name = "[CP] Embed Pods Frameworks";
			outputFileListPaths = (
				"${PODS_ROOT}/Target Support Files/Pods-Clickjobs New/Pods-Clickjobs New-frameworks-${CONFIGURATION}-output-files.xcfilelist",
			);
			runOnlyForDeploymentPostprocessing = 0;
			shellPath = /bin/sh;
			shellScript = "\"${PODS_ROOT}/Target Support Files/Pods-Clickjobs New/Pods-Clickjobs New-frameworks.sh\"\n";
			showEnvVarsInLog = 0;
		};
		B51F1D6EC1FCD14F0B275EBC /* [CP] Check Pods Manifest.lock */ = {
			isa = PBXShellScriptBuildPhase;
			buildActionMask = 2147483647;
			files = (
			);
			inputFileListPaths = (
			);
			inputPaths = (
				"${PODS_PODFILE_DIR_PATH}/Podfile.lock",
				"${PODS_ROOT}/Manifest.lock",
			);
			name = "[CP] Check Pods Manifest.lock";
			outputFileListPaths = (
			);
			outputPaths = (
				"$(DERIVED_FILE_DIR)/Pods-Clickjobs New-checkManifestLockResult.txt",
			);
			runOnlyForDeploymentPostprocessing = 0;
			shellPath = /bin/sh;
			shellScript = "diff \"${PODS_PODFILE_DIR_PATH}/Podfile.lock\" \"${PODS_ROOT}/Manifest.lock\" > /dev/null\nif [ $? != 0 ] ; then\n    # print error to STDERR\n    echo \"error: The sandbox is not in sync with the Podfile.lock. Run 'pod install' or update your CocoaPods installation.\" >&2\n    exit 1\nfi\n# This output is used by Xcode 'outputs' to avoid re-running this script phase.\necho \"SUCCESS\" > \"${SCRIPT_OUTPUT_FILE_0}\"\n";
			showEnvVarsInLog = 0;
		};
/* End PBXShellScriptBuildPhase section */

/* Begin PBXSourcesBuildPhase section */
		9468669927F0735B005DDE17 /* Sources */ = {
			isa = PBXSourcesBuildPhase;
			buildActionMask = 2147483647;
			files = (
				946866A127F0735B005DDE17 /* AppDelegate.swift in Sources */,
				0C2245E927F079080024D475 /* JobExpertise.swift in Sources */,
				0C2245EA27F079080024D475 /* JobCatgory.swift in Sources */,
			);
			runOnlyForDeploymentPostprocessing = 0;
		};
/* End PBXSourcesBuildPhase section */

/* Begin PBXVariantGroup section */
		946866AB27F0735C005DDE17 /* LaunchScreen.storyboard */ = {
			isa = PBXVariantGroup;
			children = (
				946866AC27F0735C005DDE17 /* Base */,
			);
			name = LaunchScreen.storyboard;
			sourceTree = "<group>";
		};
/* End PBXVariantGroup section */

/* Begin XCBuildConfiguration section */
		946866AF27F0735C005DDE17 /* Debug */ = {
			isa = XCBuildConfiguration;
			buildSettings = {
				ALWAYS_SEARCH_USER_PATHS = NO;
				CLANG_ANALYZER_NONNULL = YES;
				CLANG_ANALYZER_NUMBER_OBJECT_CONVERSION = YES_AGGRESSIVE;
				CLANG_CXX_LANGUAGE_STANDARD = "gnu++17";
				CLANG_ENABLE_MODULES = YES;
				CLANG_ENABLE_OBJC_ARC = YES;
				CLANG_ENABLE_OBJC_WEAK = YES;
				CLANG_WARN_BLOCK_CAPTURE_AUTORELEASING = YES;
				CLANG_WARN_BOOL_CONVERSION = YES;
				CLANG_WARN_COMMA = YES;
				CLANG_WARN_CONSTANT_CONVERSION = YES;
				CLANG_WARN_DEPRECATED_OBJC_IMPLEMENTATIONS = YES;
				CLANG_WARN_DIRECT_OBJC_ISA_USAGE = YES_ERROR;
				CLANG_WARN_DOCUMENTATION_COMMENTS = YES;
				CLANG_WARN_EMPTY_BODY = YES;
				CLANG_WARN_ENUM_CONVERSION = YES;
				CLANG_WARN_INFINITE_RECURSION = YES;
				CLANG_WARN_INT_CONVERSION = YES;
				CLANG_WARN_NON_LITERAL_NULL_CONVERSION = YES;
				CLANG_WARN_OBJC_IMPLICIT_RETAIN_SELF = YES;
				CLANG_WARN_OBJC_LITERAL_CONVERSION = YES;
				CLANG_WARN_OBJC_ROOT_CLASS = YES_ERROR;
				CLANG_WARN_QUOTED_INCLUDE_IN_FRAMEWORK_HEADER = YES;
				CLANG_WARN_RANGE_LOOP_ANALYSIS = YES;
				CLANG_WARN_STRICT_PROTOTYPES = YES;
				CLANG_WARN_SUSPICIOUS_MOVE = YES;
				CLANG_WARN_UNGUARDED_AVAILABILITY = YES_AGGRESSIVE;
				CLANG_WARN_UNREACHABLE_CODE = YES;
				CLANG_WARN__DUPLICATE_METHOD_MATCH = YES;
				COPY_PHASE_STRIP = NO;
				DEBUG_INFORMATION_FORMAT = dwarf;
				ENABLE_STRICT_OBJC_MSGSEND = YES;
				ENABLE_TESTABILITY = YES;
				GCC_C_LANGUAGE_STANDARD = gnu11;
				GCC_DYNAMIC_NO_PIC = NO;
				GCC_NO_COMMON_BLOCKS = YES;
				GCC_OPTIMIZATION_LEVEL = 0;
				GCC_PREPROCESSOR_DEFINITIONS = (
					"DEBUG=1",
					"$(inherited)",
				);
				GCC_WARN_64_TO_32_BIT_CONVERSION = YES;
				GCC_WARN_ABOUT_RETURN_TYPE = YES_ERROR;
				GCC_WARN_UNDECLARED_SELECTOR = YES;
				GCC_WARN_UNINITIALIZED_AUTOS = YES_AGGRESSIVE;
				GCC_WARN_UNUSED_FUNCTION = YES;
				GCC_WARN_UNUSED_VARIABLE = YES;
				IPHONEOS_DEPLOYMENT_TARGET = 15.4;
				MTL_ENABLE_DEBUG_INFO = INCLUDE_SOURCE;
				MTL_FAST_MATH = YES;
				ONLY_ACTIVE_ARCH = YES;
				SDKROOT = iphoneos;
				SWIFT_ACTIVE_COMPILATION_CONDITIONS = DEBUG;
				SWIFT_OPTIMIZATION_LEVEL = "-Onone";
			};
			name = Debug;
		};
		946866B027F0735C005DDE17 /* Release */ = {
			isa = XCBuildConfiguration;
			buildSettings = {
				ALWAYS_SEARCH_USER_PATHS = NO;
				CLANG_ANALYZER_NONNULL = YES;
				CLANG_ANALYZER_NUMBER_OBJECT_CONVERSION = YES_AGGRESSIVE;
				CLANG_CXX_LANGUAGE_STANDARD = "gnu++17";
				CLANG_ENABLE_MODULES = YES;
				CLANG_ENABLE_OBJC_ARC = YES;
				CLANG_ENABLE_OBJC_WEAK = YES;
				CLANG_WARN_BLOCK_CAPTURE_AUTORELEASING = YES;
				CLANG_WARN_BOOL_CONVERSION = YES;
				CLANG_WARN_COMMA = YES;
				CLANG_WARN_CONSTANT_CONVERSION = YES;
				CLANG_WARN_DEPRECATED_OBJC_IMPLEMENTATIONS = YES;
				CLANG_WARN_DIRECT_OBJC_ISA_USAGE = YES_ERROR;
				CLANG_WARN_DOCUMENTATION_COMMENTS = YES;
				CLANG_WARN_EMPTY_BODY = YES;
				CLANG_WARN_ENUM_CONVERSION = YES;
				CLANG_WARN_INFINITE_RECURSION = YES;
				CLANG_WARN_INT_CONVERSION = YES;
				CLANG_WARN_NON_LITERAL_NULL_CONVERSION = YES;
				CLANG_WARN_OBJC_IMPLICIT_RETAIN_SELF = YES;
				CLANG_WARN_OBJC_LITERAL_CONVERSION = YES;
				CLANG_WARN_OBJC_ROOT_CLASS = YES_ERROR;
				CLANG_WARN_QUOTED_INCLUDE_IN_FRAMEWORK_HEADER = YES;
				CLANG_WARN_RANGE_LOOP_ANALYSIS = YES;
				CLANG_WARN_STRICT_PROTOTYPES = YES;
				CLANG_WARN_SUSPICIOUS_MOVE = YES;
				CLANG_WARN_UNGUARDED_AVAILABILITY = YES_AGGRESSIVE;
				CLANG_WARN_UNREACHABLE_CODE = YES;
				CLANG_WARN__DUPLICATE_METHOD_MATCH = YES;
				COPY_PHASE_STRIP = NO;
				DEBUG_INFORMATION_FORMAT = "dwarf-with-dsym";
				ENABLE_NS_ASSERTIONS = NO;
				ENABLE_STRICT_OBJC_MSGSEND = YES;
				GCC_C_LANGUAGE_STANDARD = gnu11;
				GCC_NO_COMMON_BLOCKS = YES;
				GCC_WARN_64_TO_32_BIT_CONVERSION = YES;
				GCC_WARN_ABOUT_RETURN_TYPE = YES_ERROR;
				GCC_WARN_UNDECLARED_SELECTOR = YES;
				GCC_WARN_UNINITIALIZED_AUTOS = YES_AGGRESSIVE;
				GCC_WARN_UNUSED_FUNCTION = YES;
				GCC_WARN_UNUSED_VARIABLE = YES;
				IPHONEOS_DEPLOYMENT_TARGET = 15.4;
				MTL_ENABLE_DEBUG_INFO = NO;
				MTL_FAST_MATH = YES;
				SDKROOT = iphoneos;
				SWIFT_COMPILATION_MODE = wholemodule;
				SWIFT_OPTIMIZATION_LEVEL = "-O";
				VALIDATE_PRODUCT = YES;
			};
			name = Release;
		};
		946866B227F0735C005DDE17 /* Debug */ = {
			isa = XCBuildConfiguration;
			baseConfigurationReference = A697295CF21E15089DCDE860 /* Pods-Clickjobs New.debug.xcconfig */;
			buildSettings = {
				ASSETCATALOG_COMPILER_APPICON_NAME = AppIcon;
				ASSETCATALOG_COMPILER_GLOBAL_ACCENT_COLOR_NAME = AccentColor;
				CODE_SIGN_STYLE = Automatic;
				CURRENT_PROJECT_VERSION = 1;
				DEVELOPMENT_TEAM = L4PP343Y28;
				GENERATE_INFOPLIST_FILE = YES;
				INFOPLIST_FILE = "Clickjobs New/Info.plist";
				INFOPLIST_KEY_UIApplicationSupportsIndirectInputEvents = YES;
				INFOPLIST_KEY_UILaunchStoryboardName = LaunchScreen;
				INFOPLIST_KEY_UISupportedInterfaceOrientations_iPad = "UIInterfaceOrientationPortrait UIInterfaceOrientationPortraitUpsideDown UIInterfaceOrientationLandscapeLeft UIInterfaceOrientationLandscapeRight";
				INFOPLIST_KEY_UISupportedInterfaceOrientations_iPhone = "UIInterfaceOrientationPortrait UIInterfaceOrientationLandscapeLeft UIInterfaceOrientationLandscapeRight";
				IPHONEOS_DEPLOYMENT_TARGET = 13.0;
				LD_RUNPATH_SEARCH_PATHS = (
					"$(inherited)",
					"@executable_path/Frameworks",
				);
				MARKETING_VERSION = 1.0;
				PRODUCT_BUNDLE_IDENTIFIER = "rndd.uz.Clickjobs-New";
				PRODUCT_NAME = "$(TARGET_NAME)";
				SWIFT_EMIT_LOC_STRINGS = YES;
				SWIFT_VERSION = 5.0;
				TARGETED_DEVICE_FAMILY = 1;
			};
			name = Debug;
		};
		946866B327F0735C005DDE17 /* Release */ = {
			isa = XCBuildConfiguration;
			baseConfigurationReference = A57B50C32F07D162D2FBFAFE /* Pods-Clickjobs New.release.xcconfig */;
			buildSettings = {
				ASSETCATALOG_COMPILER_APPICON_NAME = AppIcon;
				ASSETCATALOG_COMPILER_GLOBAL_ACCENT_COLOR_NAME = AccentColor;
				CODE_SIGN_STYLE = Automatic;
				CURRENT_PROJECT_VERSION = 1;
				DEVELOPMENT_TEAM = L4PP343Y28;
				GENERATE_INFOPLIST_FILE = YES;
				INFOPLIST_FILE = "Clickjobs New/Info.plist";
				INFOPLIST_KEY_UIApplicationSupportsIndirectInputEvents = YES;
				INFOPLIST_KEY_UILaunchStoryboardName = LaunchScreen;
				INFOPLIST_KEY_UISupportedInterfaceOrientations_iPad = "UIInterfaceOrientationPortrait UIInterfaceOrientationPortraitUpsideDown UIInterfaceOrientationLandscapeLeft UIInterfaceOrientationLandscapeRight";
				INFOPLIST_KEY_UISupportedInterfaceOrientations_iPhone = "UIInterfaceOrientationPortrait UIInterfaceOrientationLandscapeLeft UIInterfaceOrientationLandscapeRight";
				IPHONEOS_DEPLOYMENT_TARGET = 13.0;
				LD_RUNPATH_SEARCH_PATHS = (
					"$(inherited)",
					"@executable_path/Frameworks",
				);
				MARKETING_VERSION = 1.0;
				PRODUCT_BUNDLE_IDENTIFIER = "rndd.uz.Clickjobs-New";
				PRODUCT_NAME = "$(TARGET_NAME)";
				SWIFT_EMIT_LOC_STRINGS = YES;
				SWIFT_VERSION = 5.0;
				TARGETED_DEVICE_FAMILY = 1;
			};
			name = Release;
		};
/* End XCBuildConfiguration section */

/* Begin XCConfigurationList section */
		9468669827F0735A005DDE17 /* Build configuration list for PBXProject "Clickjobs New" */ = {
			isa = XCConfigurationList;
			buildConfigurations = (
				946866AF27F0735C005DDE17 /* Debug */,
				946866B027F0735C005DDE17 /* Release */,
			);
			defaultConfigurationIsVisible = 0;
			defaultConfigurationName = Release;
		};
		946866B127F0735C005DDE17 /* Build configuration list for PBXNativeTarget "Clickjobs New" */ = {
			isa = XCConfigurationList;
			buildConfigurations = (
				946866B227F0735C005DDE17 /* Debug */,
				946866B327F0735C005DDE17 /* Release */,
			);
			defaultConfigurationIsVisible = 0;
			defaultConfigurationName = Release;
		};
/* End XCConfigurationList section */
	};
	rootObject = 9468669527F0735A005DDE17 /* Project object */;
}
